
Microsoft Visual Studio Solution File, Format Version 12.00
# Visual Studio 15
VisualStudioVersion = 15.0.28307.438
MinimumVisualStudioVersion = 10.0.40219.1
Project("{FAE04EC0-301F-11D3-BF4B-00C04F79EFBC}") = "bendodatasrv", "bendodatasrv\bendodatasrv.csproj", "{938DCEEF-B22B-4B1D-8312-4C2660E28957}"
EndProject
Global
	GlobalSection(SolutionConfigurationPlatforms) = preSolution
		Debug|Any CPU = Debug|Any CPU
		Debug|x64 = Debug|x64
		Debug|x86 = Debug|x86
		Release|Any CPU = Release|Any CPU
		Release|x64 = Release|x64
		Release|x86 = Release|x86
	EndGlobalSection
	GlobalSection(ProjectConfigurationPlatforms) = postSolution
		{938DCEEF-B22B-4B1D-8312-4C2660E28957}.Debug|Any CPU.ActiveCfg = Debug|Any CPU
		{938DCEEF-B22B-4B1D-8312-4C2660E28957}.Debug|Any CPU.Build.0 = Debug|Any CPU
		{938DCEEF-B22B-4B1D-8312-4C2660E28957}.Debug|x64.ActiveCfg = Debug|x64
		{938DCEEF-B22B-4B1D-8312-4C2660E28957}.Debug|x64.Build.0 = Debug|x64
		{938DCEEF-B22B-4B1D-8312-4C2660E28957}.Debug|x86.ActiveCfg = Debug|x86
		{938DCEEF-B22B-4B1D-8312-4C2660E28957}.Debug|x86.Build.0 = Debug|x86
		{938DCEEF-B22B-4B1D-8312-4C2660E28957}.Release|Any CPU.ActiveCfg = Release|Any CPU
		{938DCEEF-B22B-4B1D-8312-4C2660E28957}.Release|Any CPU.Build.0 = Release|Any CPU
		{938DCEEF-B22B-4B1D-8312-4C2660E28957}.Release|x64.ActiveCfg = Release|x64
		{938DCEEF-B22B-4B1D-8312-4C2660E28957}.Release|x64.Build.0 = Release|x64
		{938DCEEF-B22B-4B1D-8312-4C2660E28957}.Release|x86.ActiveCfg = Release|x86
		{938DCEEF-B22B-4B1D-8312-4C2660E28957}.Release|x86.Build.0 = Release|x86
	EndGlobalSection
	GlobalSection(SolutionProperties) = preSolution
		HideSolutionNode = FALSE
	EndGlobalSection
	GlobalSection(ExtensibilityGlobals) = postSolution
		SolutionGuid = {35CC77B9-81FB-4643-9C44-9371EE8F2C2F}
	EndGlobalSection
EndGlobal
